
Microsoft Visual Studio Solution File, Format Version 12.00
# Visual Studio Version 17
VisualStudioVersion = 17.14.36127.28
MinimumVisualStudioVersion = 10.0.40219.1
Project("{FAE04EC0-301F-11D3-BF4B-00C04F79EFBC}") = "EventApp", "EventApp\EventApp.csproj", "{5DA9AA0B-2D5D-43F8-B76C-D8ED0962C5DD}"
EndProject
Project("{FAE04EC0-301F-11D3-BF4B-00C04F79EFBC}") = "EventApp.Frontend", "EventApp.Frontend\EventApp.Frontend.csproj", "{33DB7463-7721-4042-B5F3-680344A8C783}"
EndProject
Project("{FAE04EC0-301F-11D3-BF4B-00C04F79EFBC}") = "EventApp.Shared", "EventApp.Shared\EventApp.Shared.csproj", "{A4BF26E1-1E3B-4702-9EE7-B94A2A6DFD0A}"
EndProject
Global
	GlobalSection(SolutionConfigurationPlatforms) = preSolution
		Debug|Any CPU = Debug|Any CPU
		Release|Any CPU = Release|Any CPU
	EndGlobalSection
	GlobalSection(ProjectConfigurationPlatforms) = postSolution
		{5DA9AA0B-2D5D-43F8-B76C-D8ED0962C5DD}.Debug|Any CPU.ActiveCfg = Debug|Any CPU
		{5DA9AA0B-2D5D-43F8-B76C-D8ED0962C5DD}.Debug|Any CPU.Build.0 = Debug|Any CPU
		{5DA9AA0B-2D5D-43F8-B76C-D8ED0962C5DD}.Release|Any CPU.ActiveCfg = Release|Any CPU
		{5DA9AA0B-2D5D-43F8-B76C-D8ED0962C5DD}.Release|Any CPU.Build.0 = Release|Any CPU
		{33DB7463-7721-4042-B5F3-680344A8C783}.Debug|Any CPU.ActiveCfg = Debug|Any CPU
		{33DB7463-7721-4042-B5F3-680344A8C783}.Debug|Any CPU.Build.0 = Debug|Any CPU
		{33DB7463-7721-4042-B5F3-680344A8C783}.Release|Any CPU.ActiveCfg = Release|Any CPU
		{33DB7463-7721-4042-B5F3-680344A8C783}.Release|Any CPU.Build.0 = Release|Any CPU
		{A4BF26E1-1E3B-4702-9EE7-B94A2A6DFD0A}.Debug|Any CPU.ActiveCfg = Debug|Any CPU
		{A4BF26E1-1E3B-4702-9EE7-B94A2A6DFD0A}.Debug|Any CPU.Build.0 = Debug|Any CPU
		{A4BF26E1-1E3B-4702-9EE7-B94A2A6DFD0A}.Release|Any CPU.ActiveCfg = Release|Any CPU
		{A4BF26E1-1E3B-4702-9EE7-B94A2A6DFD0A}.Release|Any CPU.Build.0 = Release|Any CPU
	EndGlobalSection
	GlobalSection(SolutionProperties) = preSolution
		HideSolutionNode = FALSE
	EndGlobalSection
	GlobalSection(ExtensibilityGlobals) = postSolution
		SolutionGuid = {0F2F4A64-50C6-439F-BC4B-BAD4A86E45BF}
	EndGlobalSection
EndGlobal
